
Microsoft Visual Studio Solution File, Format Version 12.00
# Visual Studio Version 17
VisualStudioVersion = 17.7.34221.43
MinimumVisualStudioVersion = 10.0.40219.1
Project("{FAE04EC0-301F-11D3-BF4B-00C04F79EFBC}") = "BulkyBookWeb", "BulkyBookWeb\BulkyBookWeb.csproj", "{751611DF-2487-48B5-B7F7-316A287D238A}"
EndProject
Global
	GlobalSection(SolutionConfigurationPlatforms) = preSolution
		Debug|Any CPU = Debug|Any CPU
		Release|Any CPU = Release|Any CPU
	EndGlobalSection
	GlobalSection(ProjectConfigurationPlatforms) = postSolution
		{751611DF-2487-48B5-B7F7-316A287D238A}.Debug|Any CPU.ActiveCfg = Debug|Any CPU
		{751611DF-2487-48B5-B7F7-316A287D238A}.Debug|Any CPU.Build.0 = Debug|Any CPU
		{751611DF-2487-48B5-B7F7-316A287D238A}.Release|Any CPU.ActiveCfg = Release|Any CPU
		{751611DF-2487-48B5-B7F7-316A287D238A}.Release|Any CPU.Build.0 = Release|Any CPU
	EndGlobalSection
	GlobalSection(SolutionProperties) = preSolution
		HideSolutionNode = FALSE
	EndGlobalSection
	GlobalSection(ExtensibilityGlobals) = postSolution
		SolutionGuid = {379123D7-D370-4DE6-AE2B-F488471365BD}
	EndGlobalSection
EndGlobal
